
Microsoft Visual Studio Solution File, Format Version 12.00
# Visual Studio 2017
Project("{FAE04EC0-301F-11D3-BF4B-00C04F79EFBC}") = "EtajCuPathFind", "EtajCuPathFind.csproj", "{AF995896-01BE-1463-F0BA-CC6E5803A9A7}"
EndProject
Global
	GlobalSection(SolutionConfigurationPlatforms) = preSolution
		Debug|Any CPU = Debug|Any CPU
		Release|Any CPU = Release|Any CPU
	EndGlobalSection
	GlobalSection(ProjectConfigurationPlatforms) = postSolution
		{AF995896-01BE-1463-F0BA-CC6E5803A9A7}.Debug|Any CPU.ActiveCfg = Debug|Any CPU
		{AF995896-01BE-1463-F0BA-CC6E5803A9A7}.Debug|Any CPU.Build.0 = Debug|Any CPU
		{AF995896-01BE-1463-F0BA-CC6E5803A9A7}.Release|Any CPU.ActiveCfg = Release|Any CPU
		{AF995896-01BE-1463-F0BA-CC6E5803A9A7}.Release|Any CPU.Build.0 = Release|Any CPU
	EndGlobalSection
	GlobalSection(SolutionProperties) = preSolution
		HideSolutionNode = FALSE
	EndGlobalSection
EndGlobal
